
Microsoft Visual Studio Solution File, Format Version 12.00
# Visual Studio Version 16
VisualStudioVersion = 16.0.29613.14
MinimumVisualStudioVersion = 10.0.40219.1
Project("{FAE04EC0-301F-11D3-BF4B-00C04F79EFBC}") = "LNTSlipPortal_Repository", "LNTSlipPortal_Repository\LNTSlipPortal_Repository.csproj", "{7098A15D-4C8C-4455-91EA-5FD94D3D1BE0}"
EndProject
Project("{FAE04EC0-301F-11D3-BF4B-00C04F79EFBC}") = "LNTSlipPortal", "LNTSlipPortal\LNTSlipPortal.csproj", "{6025F07A-4459-414D-A2DA-57075BB19454}"
EndProject
Global
	GlobalSection(SolutionConfigurationPlatforms) = preSolution
		Debug|Any CPU = Debug|Any CPU
		Release|Any CPU = Release|Any CPU
	EndGlobalSection
	GlobalSection(ProjectConfigurationPlatforms) = postSolution
		{7098A15D-4C8C-4455-91EA-5FD94D3D1BE0}.Debug|Any CPU.ActiveCfg = Debug|Any CPU
		{7098A15D-4C8C-4455-91EA-5FD94D3D1BE0}.Debug|Any CPU.Build.0 = Debug|Any CPU
		{7098A15D-4C8C-4455-91EA-5FD94D3D1BE0}.Release|Any CPU.ActiveCfg = Release|Any CPU
		{7098A15D-4C8C-4455-91EA-5FD94D3D1BE0}.Release|Any CPU.Build.0 = Release|Any CPU
		{6025F07A-4459-414D-A2DA-57075BB19454}.Debug|Any CPU.ActiveCfg = Debug|Any CPU
		{6025F07A-4459-414D-A2DA-57075BB19454}.Debug|Any CPU.Build.0 = Debug|Any CPU
		{6025F07A-4459-414D-A2DA-57075BB19454}.Release|Any CPU.ActiveCfg = Release|Any CPU
		{6025F07A-4459-414D-A2DA-57075BB19454}.Release|Any CPU.Build.0 = Release|Any CPU
	EndGlobalSection
	GlobalSection(SolutionProperties) = preSolution
		HideSolutionNode = FALSE
	EndGlobalSection
	GlobalSection(ExtensibilityGlobals) = postSolution
		SolutionGuid = {CC1A2B7C-EC29-4591-9FA3-093351720EC0}
	EndGlobalSection
EndGlobal
